
Microsoft Visual Studio Solution File, Format Version 12.00
# Visual Studio Version 17
VisualStudioVersion = 17.6.33829.357
MinimumVisualStudioVersion = 10.0.40219.1
Project("{9A19103F-16F7-4668-BE54-9A1E7A4F7556}") = "SKUD", "SKUD\SKUD.csproj", "{9CB62815-E610-496E-AEF7-D12C252CEB77}"
EndProject
Project("{FAE04EC0-301F-11D3-BF4B-00C04F79EFBC}") = "ClassLibrary_1", "ClassLibrary_1\ClassLibrary_1.csproj", "{F93BCACB-55D3-4043-8C74-3EB2A4D3CBFA}"
EndProject
Global
	GlobalSection(SolutionConfigurationPlatforms) = preSolution
		Debug|Any CPU = Debug|Any CPU
		Release|Any CPU = Release|Any CPU
	EndGlobalSection
	GlobalSection(ProjectConfigurationPlatforms) = postSolution
		{9CB62815-E610-496E-AEF7-D12C252CEB77}.Debug|Any CPU.ActiveCfg = Debug|Any CPU
		{9CB62815-E610-496E-AEF7-D12C252CEB77}.Debug|Any CPU.Build.0 = Debug|Any CPU
		{9CB62815-E610-496E-AEF7-D12C252CEB77}.Release|Any CPU.ActiveCfg = Release|Any CPU
		{9CB62815-E610-496E-AEF7-D12C252CEB77}.Release|Any CPU.Build.0 = Release|Any CPU
		{F93BCACB-55D3-4043-8C74-3EB2A4D3CBFA}.Debug|Any CPU.ActiveCfg = Debug|Any CPU
		{F93BCACB-55D3-4043-8C74-3EB2A4D3CBFA}.Debug|Any CPU.Build.0 = Debug|Any CPU
		{F93BCACB-55D3-4043-8C74-3EB2A4D3CBFA}.Release|Any CPU.ActiveCfg = Release|Any CPU
		{F93BCACB-55D3-4043-8C74-3EB2A4D3CBFA}.Release|Any CPU.Build.0 = Release|Any CPU
	EndGlobalSection
	GlobalSection(SolutionProperties) = preSolution
		HideSolutionNode = FALSE
	EndGlobalSection
	GlobalSection(ExtensibilityGlobals) = postSolution
		SolutionGuid = {35ACACFA-E5F7-448C-9165-6AA1A4F94AF7}
	EndGlobalSection
EndGlobal
